{
    "_readme": [
        "This file locks the dependencies of your project to a known state",
        "Read more about it at https://getcomposer.org/doc/01-basic-usage.md#installing-dependencies",
        "This file is @generated automatically"
    ],
    "content-hash": "6b4d863ebd3cb6d2a0ed0fa631c7efb8",
    "packages": [
        {
            "name": "massfice/action",
            "version": "v1.1.1",
            "source": {
                "type": "git",
                "url": "https://github.com/Massfice/action.git",
                "reference": "b4361bd728fb66516d867b38768b432f9309a7ee"
            },
            "dist": {
                "type": "zip",
                "url": "https://api.github.com/repos/Massfice/action/zipball/b4361bd728fb66516d867b38768b432f9309a7ee",
                "reference": "b4361bd728fb66516d867b38768b432f9309a7ee",
                "shasum": ""
            },
            "require": {
                "massfice/response-status": "^v1.0"
            },
            "type": "library",
            "autoload": {
                "psr-4": {
                    "Massfice\\Action\\": "src/"
                }
            },
            "notification-url": "https://packagist.org/downloads/",
            "license": [
                "MIT"
            ],
            "authors": [
                {
                    "name": "Massfice",
                    "email": "adrian.marian.tomasz.larysz@gmail.com"
                }
            ],
            "description": "This package contains action interfaces and factiories. This is for my diploma project.",
            "time": "2020-03-01T20:02:42+00:00"
        },
        {
            "name": "massfice/response-status",
            "version": "v1.0.4",
            "source": {
                "type": "git",
                "url": "https://github.com/Massfice/response-status.git",
                "reference": "fa010710117a7fa44a2eb39bc24254d875a0c799"
            },
            "dist": {
                "type": "zip",
                "url": "https://api.github.com/repos/Massfice/response-status/zipball/fa010710117a7fa44a2eb39bc24254d875a0c799",
                "reference": "fa010710117a7fa44a2eb39bc24254d875a0c799",
                "shasum": ""
            },
            "type": "library",
            "autoload": {
                "psr-4": {
                    "Massfice\\ResponseStatus\\": "src/"
                }
            },
            "notification-url": "https://packagist.org/downloads/",
            "license": [
                "MIT"
            ],
            "authors": [
                {
                    "name": "Massfice",
                    "email": "adrian.marian.tomasz.larysz@gmail.com"
                }
            ],
            "description": "Package contains response-status class, that contains info about validation status, response http code, errors array, messages, etc. Project for my diploma.",
            "time": "2020-02-20T05:19:53+00:00"
        },
        {
            "name": "massfice/service",
            "version": "v1.0.3",
            "source": {
                "type": "git",
                "url": "https://github.com/Massfice/service.git",
                "reference": "4f0f606be5744ab559c378b112fae85f3cfce424"
            },
            "dist": {
                "type": "zip",
                "url": "https://api.github.com/repos/Massfice/service/zipball/4f0f606be5744ab559c378b112fae85f3cfce424",
                "reference": "4f0f606be5744ab559c378b112fae85f3cfce424",
                "shasum": ""
            },
            "type": "library",
            "autoload": {
                "psr-4": {
                    "Massfice\\Service\\": "src/"
                }
            },
            "notification-url": "https://packagist.org/downloads/",
            "license": [
                "MIT"
            ],
            "authors": [
                {
                    "name": "Massfice",
                    "email": "adrian.marian.tomasz.larysz@gmail.com"
                }
            ],
            "description": "Services package for my diploma project.",
            "time": "2020-02-19T05:52:46+00:00"
        },
        {
            "name": "massfice/smart",
            "version": "v1.0.1",
            "source": {
                "type": "git",
                "url": "https://github.com/Massfice/smart.git",
                "reference": "ff01c6848d3ceeb1de3ee2a51bc5e027ee0445c9"
            },
            "dist": {
                "type": "zip",
                "url": "https://api.github.com/repos/Massfice/smart/zipball/ff01c6848d3ceeb1de3ee2a51bc5e027ee0445c9",
                "reference": "ff01c6848d3ceeb1de3ee2a51bc5e027ee0445c9",
                "shasum": ""
            },
            "type": "library",
            "autoload": {
                "psr-4": {
                    "Massfice\\Smart\\": "src/"
                }
            },
            "notification-url": "https://packagist.org/downloads/",
            "license": [
                "MIT"
            ],
            "authors": [
                {
                    "name": "Massfice",
                    "email": "adrian.marian.tomasz.larysz@gmail.com"
                }
            ],
            "description": "Package that makes everything smarter. It's for my project diploma.",
            "time": "2020-02-02T10:21:35+00:00"
        }
    ],
    "packages-dev": [],
    "aliases": [],
    "minimum-stability": "stable",
    "stability-flags": [],
    "prefer-stable": false,
    "prefer-lowest": false,
    "platform": [],
    "platform-dev": []
}
